// !$*UTF8*$!
{
	archiveVersion = 1;
	classes = {
	};
	objectVersion = 56;
	objects = {

/* Begin PBXBuildFile section */
		EE2F6A2028E747CF007D2C86 /* main.cpp in Sources */ = {isa = PBXBuildFile; fileRef = EE2F6A1F28E747CF007D2C86 /* main.cpp */; };
		EE846C1828F092840035C018 /* EmployeeManagementSystem.cpp in Sources */ = {isa = PBXBuildFile; fileRef = EE846C1628F092840035C018 /* EmployeeManagementSystem.cpp */; };
		EE9A38AD28F07F5C00A3E5A9 /* Employee.cpp in Sources */ = {isa = PBXBuildFile; fileRef = EE9A38AB28F07F5C00A3E5A9 /* Employee.cpp */; };
/* End PBXBuildFile section */

/* Begin PBXCopyFilesBuildPhase section */
		EEC834E728E746FB005D5CC9 /* CopyFiles */ = {
			isa = PBXCopyFilesBuildPhase;
			buildActionMask = 2147483647;
			dstPath = /usr/share/man/man1/;
			dstSubfolderSpec = 0;
			files = (
			);
			runOnlyForDeploymentPostprocessing = 1;
		};
/* End PBXCopyFilesBuildPhase section */

/* Begin PBXFileReference section */
		EE2F6A1F28E747CF007D2C86 /* main.cpp */ = {isa = PBXFileReference; fileEncoding = 4; lastKnownFileType = sourcecode.cpp.cpp; path = main.cpp; sourceTree = "<group>"; };
		EE44624928FC379800A45748 /* Log.hpp */ = {isa = PBXFileReference; lastKnownFileType = sourcecode.cpp.h; path = Log.hpp; sourceTree = "<group>"; };
		EE846C1628F092840035C018 /* EmployeeManagementSystem.cpp */ = {isa = PBXFileReference; lastKnownFileType = sourcecode.cpp.cpp; path = EmployeeManagementSystem.cpp; sourceTree = "<group>"; };
		EE846C1728F092840035C018 /* EmployeeManagementSystem.hpp */ = {isa = PBXFileReference; lastKnownFileType = sourcecode.cpp.h; path = EmployeeManagementSystem.hpp; sourceTree = "<group>"; };
		EE9A38AB28F07F5C00A3E5A9 /* Employee.cpp */ = {isa = PBXFileReference; lastKnownFileType = sourcecode.cpp.cpp; path = Employee.cpp; sourceTree = "<group>"; };
		EE9A38AC28F07F5C00A3E5A9 /* Employee.hpp */ = {isa = PBXFileReference; lastKnownFileType = sourcecode.cpp.h; path = Employee.hpp; sourceTree = "<group>"; };
		EEC834E928E746FB005D5CC9 /* EmployeeManagementSystem */ = {isa = PBXFileReference; explicitFileType = "compiled.mach-o.executable"; includeInIndex = 0; path = EmployeeManagementSystem; sourceTree = BUILT_PRODUCTS_DIR; };
/* End PBXFileReference section */

/* Begin PBXFrameworksBuildPhase section */
		EEC834E628E746FB005D5CC9 /* Frameworks */ = {
			isa = PBXFrameworksBuildPhase;
			buildActionMask = 2147483647;
			files = (
			);
			runOnlyForDeploymentPostprocessing = 0;
		};
/* End PBXFrameworksBuildPhase section */

/* Begin PBXGroup section */
		EE2F6A1E28E747CF007D2C86 /* source */ = {
			isa = PBXGroup;
			children = (
				EE846C1628F092840035C018 /* EmployeeManagementSystem.cpp */,
				EE846C1728F092840035C018 /* EmployeeManagementSystem.hpp */,
				EE9A38AB28F07F5C00A3E5A9 /* Employee.cpp */,
				EE9A38AC28F07F5C00A3E5A9 /* Employee.hpp */,
				EE2F6A1F28E747CF007D2C86 /* main.cpp */,
				EE44624928FC379800A45748 /* Log.hpp */,
			);
			name = source;
			path = ../source;
			sourceTree = "<group>";
		};
		EEC834E028E746FB005D5CC9 = {
			isa = PBXGroup;
			children = (
				EE2F6A1E28E747CF007D2C86 /* source */,
				EEC834EA28E746FB005D5CC9 /* Products */,
			);
			sourceTree = "<group>";
		};
		EEC834EA28E746FB005D5CC9 /* Products */ = {
			isa = PBXGroup;
			children = (
				EEC834E928E746FB005D5CC9 /* EmployeeManagementSystem */,
			);
			name = Products;
			sourceTree = "<group>";
		};
/* End PBXGroup section */

/* Begin PBXNativeTarget section */
		EEC834E828E746FB005D5CC9 /* EmployeeManagementSystem */ = {
			isa = PBXNativeTarget;
			buildConfigurationList = EEC834F028E746FB005D5CC9 /* Build configuration list for PBXNativeTarget "EmployeeManagementSystem" */;
			buildPhases = (
				EEC834E528E746FB005D5CC9 /* Sources */,
				EEC834E628E746FB005D5CC9 /* Frameworks */,
				EEC834E728E746FB005D5CC9 /* CopyFiles */,
			);
			buildRules = (
			);
			dependencies = (
			);
			name = EmployeeManagementSystem;
			productName = EmployeeManagementSystem;
			productReference = EEC834E928E746FB005D5CC9 /* EmployeeManagementSystem */;
			productType = "com.apple.product-type.tool";
		};
/* End PBXNativeTarget section */

/* Begin PBXProject section */
		EEC834E128E746FB005D5CC9 /* Project object */ = {
			isa = PBXProject;
			attributes = {
				BuildIndependentTargetsInParallel = 1;
				LastUpgradeCheck = 1400;
				TargetAttributes = {
					EEC834E828E746FB005D5CC9 = {
						CreatedOnToolsVersion = 14.0.1;
					};
				};
			};
			buildConfigurationList = EEC834E428E746FB005D5CC9 /* Build configuration list for PBXProject "EmployeeManagementSystem" */;
			compatibilityVersion = "Xcode 14.0";
			developmentRegion = en;
			hasScannedForEncodings = 0;
			knownRegions = (
				en,
				Base,
			);
			mainGroup = EEC834E028E746FB005D5CC9;
			productRefGroup = EEC834EA28E746FB005D5CC9 /* Products */;
			projectDirPath = "";
			projectRoot = "";
			targets = (
				EEC834E828E746FB005D5CC9 /* EmployeeManagementSystem */,
			);
		};
/* End PBXProject section */

/* Begin PBXSourcesBuildPhase section */
		EEC834E528E746FB005D5CC9 /* Sources */ = {
			isa = PBXSourcesBuildPhase;
			buildActionMask = 2147483647;
			files = (
				EE2F6A2028E747CF007D2C86 /* main.cpp in Sources */,
				EE9A38AD28F07F5C00A3E5A9 /* Employee.cpp in Sources */,
				EE846C1828F092840035C018 /* EmployeeManagementSystem.cpp in Sources */,
			);
			runOnlyForDeploymentPostprocessing = 0;
		};
/* End PBXSourcesBuildPhase section */

/* Begin XCBuildConfiguration section */
		EEC834EE28E746FB005D5CC9 /* Debug */ = {
			isa = XCBuildConfiguration;
			buildSettings = {
				ALWAYS_SEARCH_USER_PATHS = NO;
				CLANG_ANALYZER_NONNULL = YES;
				CLANG_ANALYZER_NUMBER_OBJECT_CONVERSION = YES_AGGRESSIVE;
				CLANG_CXX_LANGUAGE_STANDARD = "gnu++20";
				CLANG_ENABLE_MODULES = YES;
				CLANG_ENABLE_OBJC_ARC = YES;
				CLANG_ENABLE_OBJC_WEAK = YES;
				CLANG_WARN_BLOCK_CAPTURE_AUTORELEASING = YES;
				CLANG_WARN_BOOL_CONVERSION = YES;
				CLANG_WARN_COMMA = YES;
				CLANG_WARN_CONSTANT_CONVERSION = YES;
				CLANG_WARN_DEPRECATED_OBJC_IMPLEMENTATIONS = YES;
				CLANG_WARN_DIRECT_OBJC_ISA_USAGE = YES_ERROR;
				CLANG_WARN_DOCUMENTATION_COMMENTS = YES;
				CLANG_WARN_EMPTY_BODY = YES;
				CLANG_WARN_ENUM_CONVERSION = YES;
				CLANG_WARN_INFINITE_RECURSION = YES;
				CLANG_WARN_INT_CONVERSION = YES;
				CLANG_WARN_NON_LITERAL_NULL_CONVERSION = YES;
				CLANG_WARN_OBJC_IMPLICIT_RETAIN_SELF = YES;
				CLANG_WARN_OBJC_LITERAL_CONVERSION = YES;
				CLANG_WARN_OBJC_ROOT_CLASS = YES_ERROR;
				CLANG_WARN_QUOTED_INCLUDE_IN_FRAMEWORK_HEADER = YES;
				CLANG_WARN_RANGE_LOOP_ANALYSIS = YES;
				CLANG_WARN_STRICT_PROTOTYPES = YES;
				CLANG_WARN_SUSPICIOUS_MOVE = YES;
				CLANG_WARN_UNGUARDED_AVAILABILITY = YES_AGGRESSIVE;
				CLANG_WARN_UNREACHABLE_CODE = YES;
				CLANG_WARN__DUPLICATE_METHOD_MATCH = YES;
				COPY_PHASE_STRIP = NO;
				DEBUG_INFORMATION_FORMAT = dwarf;
				ENABLE_STRICT_OBJC_MSGSEND = YES;
				ENABLE_TESTABILITY = YES;
				GCC_C_LANGUAGE_STANDARD = gnu11;
				GCC_DYNAMIC_NO_PIC = NO;
				GCC_NO_COMMON_BLOCKS = YES;
				GCC_OPTIMIZATION_LEVEL = 0;
				GCC_PREPROCESSOR_DEFINITIONS = (
					"DEBUG=1",
					"$(inherited)",
				);
				GCC_WARN_64_TO_32_BIT_CONVERSION = YES;
				GCC_WARN_ABOUT_RETURN_TYPE = YES_ERROR;
				GCC_WARN_UNDECLARED_SELECTOR = YES;
				GCC_WARN_UNINITIALIZED_AUTOS = YES_AGGRESSIVE;
				GCC_WARN_UNUSED_FUNCTION = YES;
				GCC_WARN_UNUSED_VARIABLE = YES;
				MACOSX_DEPLOYMENT_TARGET = 12.3;
				MTL_ENABLE_DEBUG_INFO = INCLUDE_SOURCE;
				MTL_FAST_MATH = YES;
				ONLY_ACTIVE_ARCH = YES;
				SDKROOT = macosx;
			};
			name = Debug;
		};
		EEC834EF28E746FB005D5CC9 /* Release */ = {
			isa = XCBuildConfiguration;
			buildSettings = {
				ALWAYS_SEARCH_USER_PATHS = NO;
				CLANG_ANALYZER_NONNULL = YES;
				CLANG_ANALYZER_NUMBER_OBJECT_CONVERSION = YES_AGGRESSIVE;
				CLANG_CXX_LANGUAGE_STANDARD = "gnu++20";
				CLANG_ENABLE_MODULES = YES;
				CLANG_ENABLE_OBJC_ARC = YES;
				CLANG_ENABLE_OBJC_WEAK = YES;
				CLANG_WARN_BLOCK_CAPTURE_AUTORELEASING = YES;
				CLANG_WARN_BOOL_CONVERSION = YES;
				CLANG_WARN_COMMA = YES;
				CLANG_WARN_CONSTANT_CONVERSION = YES;
				CLANG_WARN_DEPRECATED_OBJC_IMPLEMENTATIONS = YES;
				CLANG_WARN_DIRECT_OBJC_ISA_USAGE = YES_ERROR;
				CLANG_WARN_DOCUMENTATION_COMMENTS = YES;
				CLANG_WARN_EMPTY_BODY = YES;
				CLANG_WARN_ENUM_CONVERSION = YES;
				CLANG_WARN_INFINITE_RECURSION = YES;
				CLANG_WARN_INT_CONVERSION = YES;
				CLANG_WARN_NON_LITERAL_NULL_CONVERSION = YES;
				CLANG_WARN_OBJC_IMPLICIT_RETAIN_SELF = YES;
				CLANG_WARN_OBJC_LITERAL_CONVERSION = YES;
				CLANG_WARN_OBJC_ROOT_CLASS = YES_ERROR;
				CLANG_WARN_QUOTED_INCLUDE_IN_FRAMEWORK_HEADER = YES;
				CLANG_WARN_RANGE_LOOP_ANALYSIS = YES;
				CLANG_WARN_STRICT_PROTOTYPES = YES;
				CLANG_WARN_SUSPICIOUS_MOVE = YES;
				CLANG_WARN_UNGUARDED_AVAILABILITY = YES_AGGRESSIVE;
				CLANG_WARN_UNREACHABLE_CODE = YES;
				CLANG_WARN__DUPLICATE_METHOD_MATCH = YES;
				COPY_PHASE_STRIP = NO;
				DEBUG_INFORMATION_FORMAT = "dwarf-with-dsym";
				ENABLE_NS_ASSERTIONS = NO;
				ENABLE_STRICT_OBJC_MSGSEND = YES;
				GCC_C_LANGUAGE_STANDARD = gnu11;
				GCC_NO_COMMON_BLOCKS = YES;
				GCC_WARN_64_TO_32_BIT_CONVERSION = YES;
				GCC_WARN_ABOUT_RETURN_TYPE = YES_ERROR;
				GCC_WARN_UNDECLARED_SELECTOR = YES;
				GCC_WARN_UNINITIALIZED_AUTOS = YES_AGGRESSIVE;
				GCC_WARN_UNUSED_FUNCTION = YES;
				GCC_WARN_UNUSED_VARIABLE = YES;
				MACOSX_DEPLOYMENT_TARGET = 12.3;
				MTL_ENABLE_DEBUG_INFO = NO;
				MTL_FAST_MATH = YES;
				SDKROOT = macosx;
			};
			name = Release;
		};
		EEC834F128E746FB005D5CC9 /* Debug */ = {
			isa = XCBuildConfiguration;
			buildSettings = {
				CODE_SIGN_STYLE = Automatic;
				DEVELOPMENT_TEAM = 8UTPHY79AL;
				ENABLE_HARDENED_RUNTIME = YES;
				PRODUCT_NAME = "$(TARGET_NAME)";
			};
			name = Debug;
		};
		EEC834F228E746FB005D5CC9 /* Release */ = {
			isa = XCBuildConfiguration;
			buildSettings = {
				CODE_SIGN_STYLE = Automatic;
				DEVELOPMENT_TEAM = 8UTPHY79AL;
				ENABLE_HARDENED_RUNTIME = YES;
				PRODUCT_NAME = "$(TARGET_NAME)";
			};
			name = Release;
		};
/* End XCBuildConfiguration section */

/* Begin XCConfigurationList section */
		EEC834E428E746FB005D5CC9 /* Build configuration list for PBXProject "EmployeeManagementSystem" */ = {
			isa = XCConfigurationList;
			buildConfigurations = (
				EEC834EE28E746FB005D5CC9 /* Debug */,
				EEC834EF28E746FB005D5CC9 /* Release */,
			);
			defaultConfigurationIsVisible = 0;
			defaultConfigurationName = Release;
		};
		EEC834F028E746FB005D5CC9 /* Build configuration list for PBXNativeTarget "EmployeeManagementSystem" */ = {
			isa = XCConfigurationList;
			buildConfigurations = (
				EEC834F128E746FB005D5CC9 /* Debug */,
				EEC834F228E746FB005D5CC9 /* Release */,
			);
			defaultConfigurationIsVisible = 0;
			defaultConfigurationName = Release;
		};
/* End XCConfigurationList section */
	};
	rootObject = EEC834E128E746FB005D5CC9 /* Project object */;
}
